
Microsoft Visual Studio Solution File, Format Version 12.00
# Visual Studio 15
VisualStudioVersion = 15.0.28307.168
MinimumVisualStudioVersion = 10.0.40219.1
Project("{FAE04EC0-301F-11D3-BF4B-00C04F79EFBC}") = "Go.Job.BaseJob", "Go.Job.BaseJob\Go.Job.BaseJob.csproj", "{E587A17A-A8F3-45D9-8274-57655C7881D5}"
EndProject
Project("{FAE04EC0-301F-11D3-BF4B-00C04F79EFBC}") = "Go.Job.Model", "Go.Job.Model\Go.Job.Model.csproj", "{D47524C9-3F63-40C6-B368-72E3E8D0332D}"
EndProject
Project("{FAE04EC0-301F-11D3-BF4B-00C04F79EFBC}") = "Go.Job.Service", "Go.Job.Service\Go.Job.Service.csproj", "{5E9C82F9-2303-4869-8AD9-F40C45D8E0E4}"
EndProject
Project("{FAE04EC0-301F-11D3-BF4B-00C04F79EFBC}") = "Go.Job.Web", "Go.Job.Web\Go.Job.Web.csproj", "{66F10BDD-86ED-49C3-B2E7-1094E0CF32EC}"
EndProject
Project("{FAE04EC0-301F-11D3-BF4B-00C04F79EFBC}") = "Go.Job.Service.Host", "Go.Job.Service.Host\Go.Job.Service.Host.csproj", "{74E9CE7D-33D2-4692-8E75-EBAEC8238E6D}"
EndProject
Project("{2150E333-8FDC-42A3-9474-1A3956D46DE8}") = "06 测试", "06 测试", "{4ED5334C-F84C-4373-B869-4E99E691A208}"
EndProject
Project("{2150E333-8FDC-42A3-9474-1A3956D46DE8}") = "04 宿主", "04 宿主", "{E867326D-C6AA-4382-AC94-D83B3F6ACF5A}"
EndProject
Project("{2150E333-8FDC-42A3-9474-1A3956D46DE8}") = "05 管理后台", "05 管理后台", "{57BF26A1-D914-4EE6-94BD-04D9D39AA250}"
EndProject
Project("{2150E333-8FDC-42A3-9474-1A3956D46DE8}") = "03 调度服务框架核心", "03 调度服务框架核心", "{0CB302E9-5D75-4972-BCF0-83A9CDCE1B8E}"
EndProject
Project("{2150E333-8FDC-42A3-9474-1A3956D46DE8}") = "01 逻辑Job基类", "01 逻辑Job基类", "{7F798047-B6EE-4785-8C4C-2A4DF5C82761}"
EndProject
Project("{2150E333-8FDC-42A3-9474-1A3956D46DE8}") = "02 Model", "02 Model", "{FC31626A-4CE0-4B1C-BF9C-09C99D23AD8F}"
EndProject
Project("{FAE04EC0-301F-11D3-BF4B-00C04F79EFBC}") = "Go.Job.Service.Api", "Go.Job.Service.Api\Go.Job.Service.Api.csproj", "{2D230C2D-CF6D-422C-852C-3B04FB40D642}"
EndProject
Project("{FAE04EC0-301F-11D3-BF4B-00C04F79EFBC}") = "Go.Job.Service.Logic", "Go.Job.Service.Logic\Go.Job.Service.Logic.csproj", "{BDF1E8D2-7C18-477E-9091-F6C6E39FF0E4}"
EndProject
Project("{FAE04EC0-301F-11D3-BF4B-00C04F79EFBC}") = "Go.Job.Service.Middleware", "Go.Job.Service.Middleware\Go.Job.Service.Middleware.csproj", "{438EA8CE-DB50-4012-99D9-779D44C2CDE2}"
EndProject
Project("{FAE04EC0-301F-11D3-BF4B-00C04F79EFBC}") = "TestJob1", "TestJob1\TestJob1.csproj", "{73B6E07A-113B-4B3D-A0C6-80099E0152A2}"
EndProject
Project("{FAE04EC0-301F-11D3-BF4B-00C04F79EFBC}") = "TestJob2", "TestJob2\TestJob2.csproj", "{54C2978E-63CA-495C-BFB2-50F6EBF209E3}"
EndProject
Project("{FAE04EC0-301F-11D3-BF4B-00C04F79EFBC}") = "TestJob3", "TestJob3\TestJob3.csproj", "{29CDE145-A9F1-4CE3-B488-190FE54E6AF7}"
EndProject
Project("{FAE04EC0-301F-11D3-BF4B-00C04F79EFBC}") = "TestConsole", "TestConsole\TestConsole.csproj", "{CC60263D-7C4E-4102-B148-B60A53CE2980}"
EndProject
Project("{FAE04EC0-301F-11D3-BF4B-00C04F79EFBC}") = "TestJob4", "TestJob4\TestJob4.csproj", "{0E500E60-CE46-418B-9A9B-E867B43F3370}"
EndProject
Project("{FAE04EC0-301F-11D3-BF4B-00C04F79EFBC}") = "TestJobService", "TestJobService\TestJobService.csproj", "{922B0567-A8F5-4C7A-BFE1-F15312872AB8}"
EndProject
Project("{FAE04EC0-301F-11D3-BF4B-00C04F79EFBC}") = "Test2", "Test2\Test2.csproj", "{26CF95FD-EBFB-4A23-A9AC-BD1E1A4FAD36}"
EndProject
Project("{FAE04EC0-301F-11D3-BF4B-00C04F79EFBC}") = "Test3", "Test3\Test3.csproj", "{5F049E7A-4D05-4B80-9C1C-11B47A7BEFF9}"
EndProject
Global
	GlobalSection(SolutionConfigurationPlatforms) = preSolution
		Debug|Any CPU = Debug|Any CPU
		Release|Any CPU = Release|Any CPU
	EndGlobalSection
	GlobalSection(ProjectConfigurationPlatforms) = postSolution
		{E587A17A-A8F3-45D9-8274-57655C7881D5}.Debug|Any CPU.ActiveCfg = Debug|Any CPU
		{E587A17A-A8F3-45D9-8274-57655C7881D5}.Debug|Any CPU.Build.0 = Debug|Any CPU
		{E587A17A-A8F3-45D9-8274-57655C7881D5}.Release|Any CPU.ActiveCfg = Release|Any CPU
		{E587A17A-A8F3-45D9-8274-57655C7881D5}.Release|Any CPU.Build.0 = Release|Any CPU
		{D47524C9-3F63-40C6-B368-72E3E8D0332D}.Debug|Any CPU.ActiveCfg = Debug|Any CPU
		{D47524C9-3F63-40C6-B368-72E3E8D0332D}.Debug|Any CPU.Build.0 = Debug|Any CPU
		{D47524C9-3F63-40C6-B368-72E3E8D0332D}.Release|Any CPU.ActiveCfg = Release|Any CPU
		{D47524C9-3F63-40C6-B368-72E3E8D0332D}.Release|Any CPU.Build.0 = Release|Any CPU
		{5E9C82F9-2303-4869-8AD9-F40C45D8E0E4}.Debug|Any CPU.ActiveCfg = Debug|Any CPU
		{5E9C82F9-2303-4869-8AD9-F40C45D8E0E4}.Debug|Any CPU.Build.0 = Debug|Any CPU
		{5E9C82F9-2303-4869-8AD9-F40C45D8E0E4}.Release|Any CPU.ActiveCfg = Release|Any CPU
		{5E9C82F9-2303-4869-8AD9-F40C45D8E0E4}.Release|Any CPU.Build.0 = Release|Any CPU
		{66F10BDD-86ED-49C3-B2E7-1094E0CF32EC}.Debug|Any CPU.ActiveCfg = Debug|Any CPU
		{66F10BDD-86ED-49C3-B2E7-1094E0CF32EC}.Debug|Any CPU.Build.0 = Debug|Any CPU
		{66F10BDD-86ED-49C3-B2E7-1094E0CF32EC}.Release|Any CPU.ActiveCfg = Release|Any CPU
		{66F10BDD-86ED-49C3-B2E7-1094E0CF32EC}.Release|Any CPU.Build.0 = Release|Any CPU
		{74E9CE7D-33D2-4692-8E75-EBAEC8238E6D}.Debug|Any CPU.ActiveCfg = Debug|Any CPU
		{74E9CE7D-33D2-4692-8E75-EBAEC8238E6D}.Debug|Any CPU.Build.0 = Debug|Any CPU
		{74E9CE7D-33D2-4692-8E75-EBAEC8238E6D}.Release|Any CPU.ActiveCfg = Release|Any CPU
		{74E9CE7D-33D2-4692-8E75-EBAEC8238E6D}.Release|Any CPU.Build.0 = Release|Any CPU
		{2D230C2D-CF6D-422C-852C-3B04FB40D642}.Debug|Any CPU.ActiveCfg = Debug|Any CPU
		{2D230C2D-CF6D-422C-852C-3B04FB40D642}.Debug|Any CPU.Build.0 = Debug|Any CPU
		{2D230C2D-CF6D-422C-852C-3B04FB40D642}.Release|Any CPU.ActiveCfg = Release|Any CPU
		{2D230C2D-CF6D-422C-852C-3B04FB40D642}.Release|Any CPU.Build.0 = Release|Any CPU
		{BDF1E8D2-7C18-477E-9091-F6C6E39FF0E4}.Debug|Any CPU.ActiveCfg = Debug|Any CPU
		{BDF1E8D2-7C18-477E-9091-F6C6E39FF0E4}.Debug|Any CPU.Build.0 = Debug|Any CPU
		{BDF1E8D2-7C18-477E-9091-F6C6E39FF0E4}.Release|Any CPU.ActiveCfg = Release|Any CPU
		{BDF1E8D2-7C18-477E-9091-F6C6E39FF0E4}.Release|Any CPU.Build.0 = Release|Any CPU
		{438EA8CE-DB50-4012-99D9-779D44C2CDE2}.Debug|Any CPU.ActiveCfg = Debug|Any CPU
		{438EA8CE-DB50-4012-99D9-779D44C2CDE2}.Debug|Any CPU.Build.0 = Debug|Any CPU
		{438EA8CE-DB50-4012-99D9-779D44C2CDE2}.Release|Any CPU.ActiveCfg = Release|Any CPU
		{438EA8CE-DB50-4012-99D9-779D44C2CDE2}.Release|Any CPU.Build.0 = Release|Any CPU
		{73B6E07A-113B-4B3D-A0C6-80099E0152A2}.Debug|Any CPU.ActiveCfg = Debug|Any CPU
		{73B6E07A-113B-4B3D-A0C6-80099E0152A2}.Debug|Any CPU.Build.0 = Debug|Any CPU
		{73B6E07A-113B-4B3D-A0C6-80099E0152A2}.Release|Any CPU.ActiveCfg = Release|Any CPU
		{73B6E07A-113B-4B3D-A0C6-80099E0152A2}.Release|Any CPU.Build.0 = Release|Any CPU
		{54C2978E-63CA-495C-BFB2-50F6EBF209E3}.Debug|Any CPU.ActiveCfg = Debug|Any CPU
		{54C2978E-63CA-495C-BFB2-50F6EBF209E3}.Debug|Any CPU.Build.0 = Debug|Any CPU
		{54C2978E-63CA-495C-BFB2-50F6EBF209E3}.Release|Any CPU.ActiveCfg = Release|Any CPU
		{54C2978E-63CA-495C-BFB2-50F6EBF209E3}.Release|Any CPU.Build.0 = Release|Any CPU
		{29CDE145-A9F1-4CE3-B488-190FE54E6AF7}.Debug|Any CPU.ActiveCfg = Debug|Any CPU
		{29CDE145-A9F1-4CE3-B488-190FE54E6AF7}.Debug|Any CPU.Build.0 = Debug|Any CPU
		{29CDE145-A9F1-4CE3-B488-190FE54E6AF7}.Release|Any CPU.ActiveCfg = Release|Any CPU
		{29CDE145-A9F1-4CE3-B488-190FE54E6AF7}.Release|Any CPU.Build.0 = Release|Any CPU
		{CC60263D-7C4E-4102-B148-B60A53CE2980}.Debug|Any CPU.ActiveCfg = Debug|Any CPU
		{CC60263D-7C4E-4102-B148-B60A53CE2980}.Debug|Any CPU.Build.0 = Debug|Any CPU
		{CC60263D-7C4E-4102-B148-B60A53CE2980}.Release|Any CPU.ActiveCfg = Release|Any CPU
		{CC60263D-7C4E-4102-B148-B60A53CE2980}.Release|Any CPU.Build.0 = Release|Any CPU
		{0E500E60-CE46-418B-9A9B-E867B43F3370}.Debug|Any CPU.ActiveCfg = Debug|Any CPU
		{0E500E60-CE46-418B-9A9B-E867B43F3370}.Debug|Any CPU.Build.0 = Debug|Any CPU
		{0E500E60-CE46-418B-9A9B-E867B43F3370}.Release|Any CPU.ActiveCfg = Release|Any CPU
		{0E500E60-CE46-418B-9A9B-E867B43F3370}.Release|Any CPU.Build.0 = Release|Any CPU
		{922B0567-A8F5-4C7A-BFE1-F15312872AB8}.Debug|Any CPU.ActiveCfg = Debug|Any CPU
		{922B0567-A8F5-4C7A-BFE1-F15312872AB8}.Debug|Any CPU.Build.0 = Debug|Any CPU
		{922B0567-A8F5-4C7A-BFE1-F15312872AB8}.Release|Any CPU.ActiveCfg = Release|Any CPU
		{922B0567-A8F5-4C7A-BFE1-F15312872AB8}.Release|Any CPU.Build.0 = Release|Any CPU
		{26CF95FD-EBFB-4A23-A9AC-BD1E1A4FAD36}.Debug|Any CPU.ActiveCfg = Debug|Any CPU
		{26CF95FD-EBFB-4A23-A9AC-BD1E1A4FAD36}.Debug|Any CPU.Build.0 = Debug|Any CPU
		{26CF95FD-EBFB-4A23-A9AC-BD1E1A4FAD36}.Release|Any CPU.ActiveCfg = Release|Any CPU
		{26CF95FD-EBFB-4A23-A9AC-BD1E1A4FAD36}.Release|Any CPU.Build.0 = Release|Any CPU
		{5F049E7A-4D05-4B80-9C1C-11B47A7BEFF9}.Debug|Any CPU.ActiveCfg = Debug|Any CPU
		{5F049E7A-4D05-4B80-9C1C-11B47A7BEFF9}.Debug|Any CPU.Build.0 = Debug|Any CPU
		{5F049E7A-4D05-4B80-9C1C-11B47A7BEFF9}.Release|Any CPU.ActiveCfg = Release|Any CPU
		{5F049E7A-4D05-4B80-9C1C-11B47A7BEFF9}.Release|Any CPU.Build.0 = Release|Any CPU
	EndGlobalSection
	GlobalSection(SolutionProperties) = preSolution
		HideSolutionNode = FALSE
	EndGlobalSection
	GlobalSection(NestedProjects) = preSolution
		{E587A17A-A8F3-45D9-8274-57655C7881D5} = {7F798047-B6EE-4785-8C4C-2A4DF5C82761}
		{D47524C9-3F63-40C6-B368-72E3E8D0332D} = {FC31626A-4CE0-4B1C-BF9C-09C99D23AD8F}
		{5E9C82F9-2303-4869-8AD9-F40C45D8E0E4} = {0CB302E9-5D75-4972-BCF0-83A9CDCE1B8E}
		{66F10BDD-86ED-49C3-B2E7-1094E0CF32EC} = {57BF26A1-D914-4EE6-94BD-04D9D39AA250}
		{74E9CE7D-33D2-4692-8E75-EBAEC8238E6D} = {E867326D-C6AA-4382-AC94-D83B3F6ACF5A}
		{2D230C2D-CF6D-422C-852C-3B04FB40D642} = {0CB302E9-5D75-4972-BCF0-83A9CDCE1B8E}
		{BDF1E8D2-7C18-477E-9091-F6C6E39FF0E4} = {0CB302E9-5D75-4972-BCF0-83A9CDCE1B8E}
		{438EA8CE-DB50-4012-99D9-779D44C2CDE2} = {0CB302E9-5D75-4972-BCF0-83A9CDCE1B8E}
		{73B6E07A-113B-4B3D-A0C6-80099E0152A2} = {4ED5334C-F84C-4373-B869-4E99E691A208}
		{54C2978E-63CA-495C-BFB2-50F6EBF209E3} = {4ED5334C-F84C-4373-B869-4E99E691A208}
		{29CDE145-A9F1-4CE3-B488-190FE54E6AF7} = {4ED5334C-F84C-4373-B869-4E99E691A208}
		{CC60263D-7C4E-4102-B148-B60A53CE2980} = {4ED5334C-F84C-4373-B869-4E99E691A208}
		{0E500E60-CE46-418B-9A9B-E867B43F3370} = {4ED5334C-F84C-4373-B869-4E99E691A208}
		{922B0567-A8F5-4C7A-BFE1-F15312872AB8} = {4ED5334C-F84C-4373-B869-4E99E691A208}
		{26CF95FD-EBFB-4A23-A9AC-BD1E1A4FAD36} = {4ED5334C-F84C-4373-B869-4E99E691A208}
		{5F049E7A-4D05-4B80-9C1C-11B47A7BEFF9} = {4ED5334C-F84C-4373-B869-4E99E691A208}
	EndGlobalSection
	GlobalSection(ExtensibilityGlobals) = postSolution
		SolutionGuid = {F2CD3421-F470-45B9-9869-2FAADB09189D}
	EndGlobalSection
EndGlobal
